// !$*UTF8*$!
{
	archiveVersion = 1;
	classes = {
	};
	objectVersion = 46;
	objects = {

/* Begin PBXBuildFile section */
		A8103EA51DF139D900ADE38C /* CMDataViewController.swift in Sources */ = {isa = PBXBuildFile; fileRef = A8103EA41DF139D900ADE38C /* CMDataViewController.swift */; };
		A841647B1DFAA246001B6CFD /* Constants.swift in Sources */ = {isa = PBXBuildFile; fileRef = A841647A1DFAA246001B6CFD /* Constants.swift */; };
		A890E49A1F7258A1007FF6DE /* HomeViewController.swift in Sources */ = {isa = PBXBuildFile; fileRef = A890E4991F7258A1007FF6DE /* HomeViewController.swift */; };
		A8E07FF61DDC4B0800A4165C /* AppDelegate.swift in Sources */ = {isa = PBXBuildFile; fileRef = A8E07FF51DDC4B0800A4165C /* AppDelegate.swift */; };
		A8E07FFB1DDC4B0800A4165C /* Main.storyboard in Resources */ = {isa = PBXBuildFile; fileRef = A8E07FF91DDC4B0800A4165C /* Main.storyboard */; };
		A8E080001DDC4B0800A4165C /* LaunchScreen.storyboard in Resources */ = {isa = PBXBuildFile; fileRef = A8E07FFE1DDC4B0800A4165C /* LaunchScreen.storyboard */; };
		A8E0800B1DDC4B0800A4165C /* ios_meeting_of_minutesTests.swift in Sources */ = {isa = PBXBuildFile; fileRef = A8E0800A1DDC4B0800A4165C /* ios_meeting_of_minutesTests.swift */; };
		A8E080161DDC4B0800A4165C /* ios_meeting_of_minutesUITests.swift in Sources */ = {isa = PBXBuildFile; fileRef = A8E080151DDC4B0800A4165C /* ios_meeting_of_minutesUITests.swift */; };
		A8FEB4931DF16A7E00DA8BEA /* Contents.json in Resources */ = {isa = PBXBuildFile; fileRef = A8FEB48F1DF16A7E00DA8BEA /* Contents.json */; };
		A8FEB4951DF16EFF00DA8BEA /* Images.xcassets in Resources */ = {isa = PBXBuildFile; fileRef = A8FEB4941DF16EFF00DA8BEA /* Images.xcassets */; };
/* End PBXBuildFile section */

/* Begin PBXContainerItemProxy section */
		A8E080071DDC4B0800A4165C /* PBXContainerItemProxy */ = {
			isa = PBXContainerItemProxy;
			containerPortal = A8E07FEA1DDC4B0800A4165C /* Project object */;
			proxyType = 1;
			remoteGlobalIDString = A8E07FF11DDC4B0800A4165C;
			remoteInfo = "ios-meeting-of-minutes";
		};
		A8E080121DDC4B0800A4165C /* PBXContainerItemProxy */ = {
			isa = PBXContainerItemProxy;
			containerPortal = A8E07FEA1DDC4B0800A4165C /* Project object */;
			proxyType = 1;
			remoteGlobalIDString = A8E07FF11DDC4B0800A4165C;
			remoteInfo = "ios-meeting-of-minutes";
		};
/* End PBXContainerItemProxy section */

/* Begin PBXFileReference section */
		35B2BBEB5467ABFCF953B5A0 /* Pods-ios-walk-tracking.debug.xcconfig */ = {isa = PBXFileReference; includeInIndex = 1; lastKnownFileType = text.xcconfig; name = "Pods-ios-walk-tracking.debug.xcconfig"; path = "Pods/Target Support Files/Pods-ios-walk-tracking/Pods-ios-walk-tracking.debug.xcconfig"; sourceTree = "<group>"; };
		42E857AAEBAC0F6C1BC66306 /* Pods-ios-walk-trackingUITests.release.xcconfig */ = {isa = PBXFileReference; includeInIndex = 1; lastKnownFileType = text.xcconfig; name = "Pods-ios-walk-trackingUITests.release.xcconfig"; path = "Pods/Target Support Files/Pods-ios-walk-trackingUITests/Pods-ios-walk-trackingUITests.release.xcconfig"; sourceTree = "<group>"; };
		449B0D8245580E7B8E998A30 /* Pods-ios-walk-trackingTests.debug.xcconfig */ = {isa = PBXFileReference; includeInIndex = 1; lastKnownFileType = text.xcconfig; name = "Pods-ios-walk-trackingTests.debug.xcconfig"; path = "Pods/Target Support Files/Pods-ios-walk-trackingTests/Pods-ios-walk-trackingTests.debug.xcconfig"; sourceTree = "<group>"; };
		58E3D427B1D91FD257E90C67 /* Pods-ios-walk-trackingTests.release.xcconfig */ = {isa = PBXFileReference; includeInIndex = 1; lastKnownFileType = text.xcconfig; name = "Pods-ios-walk-trackingTests.release.xcconfig"; path = "Pods/Target Support Files/Pods-ios-walk-trackingTests/Pods-ios-walk-trackingTests.release.xcconfig"; sourceTree = "<group>"; };
		644A9D96F959FECE575C42F4 /* Pods-ios-walk-trackingUITests.debug.xcconfig */ = {isa = PBXFileReference; includeInIndex = 1; lastKnownFileType = text.xcconfig; name = "Pods-ios-walk-trackingUITests.debug.xcconfig"; path = "Pods/Target Support Files/Pods-ios-walk-trackingUITests/Pods-ios-walk-trackingUITests.debug.xcconfig"; sourceTree = "<group>"; };
		82B849E57AA54A215C303247 /* Pods-ios-walk-tracking.release.xcconfig */ = {isa = PBXFileReference; includeInIndex = 1; lastKnownFileType = text.xcconfig; name = "Pods-ios-walk-tracking.release.xcconfig"; path = "Pods/Target Support Files/Pods-ios-walk-tracking/Pods-ios-walk-tracking.release.xcconfig"; sourceTree = "<group>"; };
		A8103EA41DF139D900ADE38C /* CMDataViewController.swift */ = {isa = PBXFileReference; fileEncoding = 4; lastKnownFileType = sourcecode.swift; path = CMDataViewController.swift; sourceTree = "<group>"; };
		A841647A1DFAA246001B6CFD /* Constants.swift */ = {isa = PBXFileReference; fileEncoding = 4; lastKnownFileType = sourcecode.swift; path = Constants.swift; sourceTree = "<group>"; };
		A890E4991F7258A1007FF6DE /* HomeViewController.swift */ = {isa = PBXFileReference; lastKnownFileType = sourcecode.swift; path = HomeViewController.swift; sourceTree = "<group>"; };
		A8E07FF21DDC4B0800A4165C /* ios-walk-tracking.app */ = {isa = PBXFileReference; explicitFileType = wrapper.application; includeInIndex = 0; path = "ios-walk-tracking.app"; sourceTree = BUILT_PRODUCTS_DIR; };
		A8E07FF51DDC4B0800A4165C /* AppDelegate.swift */ = {isa = PBXFileReference; lastKnownFileType = sourcecode.swift; path = AppDelegate.swift; sourceTree = "<group>"; };
		A8E07FFA1DDC4B0800A4165C /* Base */ = {isa = PBXFileReference; lastKnownFileType = file.storyboard; name = Base; path = Base.lproj/Main.storyboard; sourceTree = "<group>"; };
		A8E07FFF1DDC4B0800A4165C /* Base */ = {isa = PBXFileReference; lastKnownFileType = file.storyboard; name = Base; path = Base.lproj/LaunchScreen.storyboard; sourceTree = "<group>"; };
		A8E080011DDC4B0800A4165C /* Info.plist */ = {isa = PBXFileReference; lastKnownFileType = text.plist.xml; path = Info.plist; sourceTree = "<group>"; };
		A8E080061DDC4B0800A4165C /* ios-walk-trackingTests.xctest */ = {isa = PBXFileReference; explicitFileType = wrapper.cfbundle; includeInIndex = 0; path = "ios-walk-trackingTests.xctest"; sourceTree = BUILT_PRODUCTS_DIR; };
		A8E0800A1DDC4B0800A4165C /* ios_meeting_of_minutesTests.swift */ = {isa = PBXFileReference; lastKnownFileType = sourcecode.swift; path = ios_meeting_of_minutesTests.swift; sourceTree = "<group>"; };
		A8E0800C1DDC4B0800A4165C /* Info.plist */ = {isa = PBXFileReference; lastKnownFileType = text.plist.xml; path = Info.plist; sourceTree = "<group>"; };
		A8E080111DDC4B0800A4165C /* ios-walk-trackingUITests.xctest */ = {isa = PBXFileReference; explicitFileType = wrapper.cfbundle; includeInIndex = 0; path = "ios-walk-trackingUITests.xctest"; sourceTree = BUILT_PRODUCTS_DIR; };
		A8E080151DDC4B0800A4165C /* ios_meeting_of_minutesUITests.swift */ = {isa = PBXFileReference; lastKnownFileType = sourcecode.swift; path = ios_meeting_of_minutesUITests.swift; sourceTree = "<group>"; };
		A8E080171DDC4B0800A4165C /* Info.plist */ = {isa = PBXFileReference; lastKnownFileType = text.plist.xml; path = Info.plist; sourceTree = "<group>"; };
		A8FEB48F1DF16A7E00DA8BEA /* Contents.json */ = {isa = PBXFileReference; fileEncoding = 4; lastKnownFileType = text.json; name = Contents.json; path = Assets.xcassets/AppIcon.appiconset/Contents.json; sourceTree = "<group>"; };
		A8FEB4941DF16EFF00DA8BEA /* Images.xcassets */ = {isa = PBXFileReference; lastKnownFileType = folder.assetcatalog; path = Images.xcassets; sourceTree = "<group>"; };
/* End PBXFileReference section */

/* Begin PBXFrameworksBuildPhase section */
		A8E07FEF1DDC4B0800A4165C /* Frameworks */ = {
			isa = PBXFrameworksBuildPhase;
			buildActionMask = 2147483647;
			files = (
			);
			runOnlyForDeploymentPostprocessing = 0;
		};
		A8E080031DDC4B0800A4165C /* Frameworks */ = {
			isa = PBXFrameworksBuildPhase;
			buildActionMask = 2147483647;
			files = (
			);
			runOnlyForDeploymentPostprocessing = 0;
		};
		A8E0800E1DDC4B0800A4165C /* Frameworks */ = {
			isa = PBXFrameworksBuildPhase;
			buildActionMask = 2147483647;
			files = (
			);
			runOnlyForDeploymentPostprocessing = 0;
		};
/* End PBXFrameworksBuildPhase section */

/* Begin PBXGroup section */
		452D64CDD672AAE3C69D6C15 /* Frameworks */ = {
			isa = PBXGroup;
			children = (
			);
			name = Frameworks;
			sourceTree = "<group>";
		};
		A8103EA31DF1398000ADE38C /* CMData */ = {
			isa = PBXGroup;
			children = (
				A8103EA41DF139D900ADE38C /* CMDataViewController.swift */,
			);
			name = CMData;
			sourceTree = "<group>";
		};
		A8E07FE91DDC4B0800A4165C = {
			isa = PBXGroup;
			children = (
				A8E07FF41DDC4B0800A4165C /* ios-walk-tracking */,
				A8E080091DDC4B0800A4165C /* ios-walk-trackingTests */,
				A8E080141DDC4B0800A4165C /* ios-walk-trackingUITests */,
				A8E07FF31DDC4B0800A4165C /* Products */,
				FAD9167EF68E9D053D08A480 /* Pods */,
				452D64CDD672AAE3C69D6C15 /* Frameworks */,
			);
			sourceTree = "<group>";
		};
		A8E07FF31DDC4B0800A4165C /* Products */ = {
			isa = PBXGroup;
			children = (
				A8E07FF21DDC4B0800A4165C /* ios-walk-tracking.app */,
				A8E080061DDC4B0800A4165C /* ios-walk-trackingTests.xctest */,
				A8E080111DDC4B0800A4165C /* ios-walk-trackingUITests.xctest */,
			);
			name = Products;
			sourceTree = "<group>";
		};
		A8E07FF41DDC4B0800A4165C /* ios-walk-tracking */ = {
			isa = PBXGroup;
			children = (
				A8103EA31DF1398000ADE38C /* CMData */,
				A8E07FF51DDC4B0800A4165C /* AppDelegate.swift */,
				A8E07FF91DDC4B0800A4165C /* Main.storyboard */,
				A8FEB48F1DF16A7E00DA8BEA /* Contents.json */,
				A8E07FFE1DDC4B0800A4165C /* LaunchScreen.storyboard */,
				A8E080011DDC4B0800A4165C /* Info.plist */,
				A8FEB4941DF16EFF00DA8BEA /* Images.xcassets */,
				A841647A1DFAA246001B6CFD /* Constants.swift */,
				A890E4991F7258A1007FF6DE /* HomeViewController.swift */,
			);
			path = "ios-walk-tracking";
			sourceTree = "<group>";
		};
		A8E080091DDC4B0800A4165C /* ios-walk-trackingTests */ = {
			isa = PBXGroup;
			children = (
				A8E0800A1DDC4B0800A4165C /* ios_meeting_of_minutesTests.swift */,
				A8E0800C1DDC4B0800A4165C /* Info.plist */,
			);
			path = "ios-walk-trackingTests";
			sourceTree = "<group>";
		};
		A8E080141DDC4B0800A4165C /* ios-walk-trackingUITests */ = {
			isa = PBXGroup;
			children = (
				A8E080151DDC4B0800A4165C /* ios_meeting_of_minutesUITests.swift */,
				A8E080171DDC4B0800A4165C /* Info.plist */,
			);
			path = "ios-walk-trackingUITests";
			sourceTree = "<group>";
		};
		FAD9167EF68E9D053D08A480 /* Pods */ = {
			isa = PBXGroup;
			children = (
				35B2BBEB5467ABFCF953B5A0 /* Pods-ios-walk-tracking.debug.xcconfig */,
				82B849E57AA54A215C303247 /* Pods-ios-walk-tracking.release.xcconfig */,
				449B0D8245580E7B8E998A30 /* Pods-ios-walk-trackingTests.debug.xcconfig */,
				58E3D427B1D91FD257E90C67 /* Pods-ios-walk-trackingTests.release.xcconfig */,
				644A9D96F959FECE575C42F4 /* Pods-ios-walk-trackingUITests.debug.xcconfig */,
				42E857AAEBAC0F6C1BC66306 /* Pods-ios-walk-trackingUITests.release.xcconfig */,
			);
			name = Pods;
			sourceTree = "<group>";
		};
/* End PBXGroup section */

/* Begin PBXNativeTarget section */
		A8E07FF11DDC4B0800A4165C /* ios-walk-tracking */ = {
			isa = PBXNativeTarget;
			buildConfigurationList = A8E0801A1DDC4B0800A4165C /* Build configuration list for PBXNativeTarget "ios-walk-tracking" */;
			buildPhases = (
				300027CE1C75475D00619DBA /* [CP] Check Pods Manifest.lock */,
				A8E07FEE1DDC4B0800A4165C /* Sources */,
				A8E07FEF1DDC4B0800A4165C /* Frameworks */,
				A8E07FF01DDC4B0800A4165C /* Resources */,
				D12CB9B294ABE5DE528D7315 /* [CP] Embed Pods Frameworks */,
				0DD1441C25883D18E0BFA4E6 /* [CP] Copy Pods Resources */,
			);
			buildRules = (
			);
			dependencies = (
			);
			name = "ios-walk-tracking";
			productName = "ios-meeting-of-minutes";
			productReference = A8E07FF21DDC4B0800A4165C /* ios-walk-tracking.app */;
			productType = "com.apple.product-type.application";
		};
		A8E080051DDC4B0800A4165C /* ios-walk-trackingTests */ = {
			isa = PBXNativeTarget;
			buildConfigurationList = A8E0801D1DDC4B0800A4165C /* Build configuration list for PBXNativeTarget "ios-walk-trackingTests" */;
			buildPhases = (
				676D788D58DA1DD55C222715 /* [CP] Check Pods Manifest.lock */,
				A8E080021DDC4B0800A4165C /* Sources */,
				A8E080031DDC4B0800A4165C /* Frameworks */,
				A8E080041DDC4B0800A4165C /* Resources */,
				5DC622F20C4CC86F51427C28 /* [CP] Embed Pods Frameworks */,
				CB740828BFECC95468C88E46 /* [CP] Copy Pods Resources */,
			);
			buildRules = (
			);
			dependencies = (
				A8E080081DDC4B0800A4165C /* PBXTargetDependency */,
			);
			name = "ios-walk-trackingTests";
			productName = "ios-meeting-of-minutesTests";
			productReference = A8E080061DDC4B0800A4165C /* ios-walk-trackingTests.xctest */;
			productType = "com.apple.product-type.bundle.unit-test";
		};
		A8E080101DDC4B0800A4165C /* ios-walk-trackingUITests */ = {
			isa = PBXNativeTarget;
			buildConfigurationList = A8E080201DDC4B0800A4165C /* Build configuration list for PBXNativeTarget "ios-walk-trackingUITests" */;
			buildPhases = (
				4BABE11BC1D4A143B7DC6E37 /* [CP] Check Pods Manifest.lock */,
				A8E0800D1DDC4B0800A4165C /* Sources */,
				A8E0800E1DDC4B0800A4165C /* Frameworks */,
				A8E0800F1DDC4B0800A4165C /* Resources */,
				BC0C2BD9C9FD56A349945139 /* [CP] Embed Pods Frameworks */,
				268095B51179829413ED127E /* [CP] Copy Pods Resources */,
			);
			buildRules = (
			);
			dependencies = (
				A8E080131DDC4B0800A4165C /* PBXTargetDependency */,
			);
			name = "ios-walk-trackingUITests";
			productName = "ios-meeting-of-minutesUITests";
			productReference = A8E080111DDC4B0800A4165C /* ios-walk-trackingUITests.xctest */;
			productType = "com.apple.product-type.bundle.ui-testing";
		};
/* End PBXNativeTarget section */

/* Begin PBXProject section */
		A8E07FEA1DDC4B0800A4165C /* Project object */ = {
			isa = PBXProject;
			attributes = {
				LastSwiftUpdateCheck = 0730;
				LastUpgradeCheck = 0730;
				ORGANIZATIONNAME = "BJIT-2015";
				TargetAttributes = {
					A8E07FF11DDC4B0800A4165C = {
						CreatedOnToolsVersion = 7.3;
						DevelopmentTeam = D2N9P5R59B;
						LastSwiftMigration = 0900;
					};
					A8E080051DDC4B0800A4165C = {
						CreatedOnToolsVersion = 7.3;
						LastSwiftMigration = 0900;
						TestTargetID = A8E07FF11DDC4B0800A4165C;
					};
					A8E080101DDC4B0800A4165C = {
						CreatedOnToolsVersion = 7.3;
						LastSwiftMigration = 0900;
						TestTargetID = A8E07FF11DDC4B0800A4165C;
					};
				};
			};
			buildConfigurationList = A8E07FED1DDC4B0800A4165C /* Build configuration list for PBXProject "ios-walk-tracking" */;
			compatibilityVersion = "Xcode 3.2";
			developmentRegion = English;
			hasScannedForEncodings = 0;
			knownRegions = (
				en,
				Base,
			);
			mainGroup = A8E07FE91DDC4B0800A4165C;
			productRefGroup = A8E07FF31DDC4B0800A4165C /* Products */;
			projectDirPath = "";
			projectRoot = "";
			targets = (
				A8E07FF11DDC4B0800A4165C /* ios-walk-tracking */,
				A8E080051DDC4B0800A4165C /* ios-walk-trackingTests */,
				A8E080101DDC4B0800A4165C /* ios-walk-trackingUITests */,
			);
		};
/* End PBXProject section */

/* Begin PBXResourcesBuildPhase section */
		A8E07FF01DDC4B0800A4165C /* Resources */ = {
			isa = PBXResourcesBuildPhase;
			buildActionMask = 2147483647;
			files = (
				A8E080001DDC4B0800A4165C /* LaunchScreen.storyboard in Resources */,
				A8FEB4951DF16EFF00DA8BEA /* Images.xcassets in Resources */,
				A8E07FFB1DDC4B0800A4165C /* Main.storyboard in Resources */,
				A8FEB4931DF16A7E00DA8BEA /* Contents.json in Resources */,
			);
			runOnlyForDeploymentPostprocessing = 0;
		};
		A8E080041DDC4B0800A4165C /* Resources */ = {
			isa = PBXResourcesBuildPhase;
			buildActionMask = 2147483647;
			files = (
			);
			runOnlyForDeploymentPostprocessing = 0;
		};
		A8E0800F1DDC4B0800A4165C /* Resources */ = {
			isa = PBXResourcesBuildPhase;
			buildActionMask = 2147483647;
			files = (
			);
			runOnlyForDeploymentPostprocessing = 0;
		};
/* End PBXResourcesBuildPhase section */

/* Begin PBXShellScriptBuildPhase section */
		0DD1441C25883D18E0BFA4E6 /* [CP] Copy Pods Resources */ = {
			isa = PBXShellScriptBuildPhase;
			buildActionMask = 2147483647;
			files = (
			);
			inputPaths = (
			);
			name = "[CP] Copy Pods Resources";
			outputPaths = (
			);
			runOnlyForDeploymentPostprocessing = 0;
			shellPath = /bin/sh;
			shellScript = "\"${SRCROOT}/Pods/Target Support Files/Pods-ios-walk-tracking/Pods-ios-walk-tracking-resources.sh\"\n";
			showEnvVarsInLog = 0;
		};
		268095B51179829413ED127E /* [CP] Copy Pods Resources */ = {
			isa = PBXShellScriptBuildPhase;
			buildActionMask = 2147483647;
			files = (
			);
			inputPaths = (
			);
			name = "[CP] Copy Pods Resources";
			outputPaths = (
			);
			runOnlyForDeploymentPostprocessing = 0;
			shellPath = /bin/sh;
			shellScript = "\"${SRCROOT}/Pods/Target Support Files/Pods-ios-walk-trackingUITests/Pods-ios-walk-trackingUITests-resources.sh\"\n";
			showEnvVarsInLog = 0;
		};
		300027CE1C75475D00619DBA /* [CP] Check Pods Manifest.lock */ = {
			isa = PBXShellScriptBuildPhase;
			buildActionMask = 2147483647;
			files = (
			);
			inputPaths = (
				"${PODS_PODFILE_DIR_PATH}/Podfile.lock",
				"${PODS_ROOT}/Manifest.lock",
			);
			name = "[CP] Check Pods Manifest.lock";
			outputPaths = (
				"$(DERIVED_FILE_DIR)/Pods-ios-walk-tracking-checkManifestLockResult.txt",
			);
			runOnlyForDeploymentPostprocessing = 0;
			shellPath = /bin/sh;
			shellScript = "diff \"${PODS_PODFILE_DIR_PATH}/Podfile.lock\" \"${PODS_ROOT}/Manifest.lock\" > /dev/null\nif [ $? != 0 ] ; then\n    # print error to STDERR\n    echo \"error: The sandbox is not in sync with the Podfile.lock. Run 'pod install' or update your CocoaPods installation.\" >&2\n    exit 1\nfi\n# This output is used by Xcode 'outputs' to avoid re-running this script phase.\necho \"SUCCESS\" > \"${SCRIPT_OUTPUT_FILE_0}\"\n";
			showEnvVarsInLog = 0;
		};
		4BABE11BC1D4A143B7DC6E37 /* [CP] Check Pods Manifest.lock */ = {
			isa = PBXShellScriptBuildPhase;
			buildActionMask = 2147483647;
			files = (
			);
			inputPaths = (
				"${PODS_PODFILE_DIR_PATH}/Podfile.lock",
				"${PODS_ROOT}/Manifest.lock",
			);
			name = "[CP] Check Pods Manifest.lock";
			outputPaths = (
				"$(DERIVED_FILE_DIR)/Pods-ios-walk-trackingUITests-checkManifestLockResult.txt",
			);
			runOnlyForDeploymentPostprocessing = 0;
			shellPath = /bin/sh;
			shellScript = "diff \"${PODS_PODFILE_DIR_PATH}/Podfile.lock\" \"${PODS_ROOT}/Manifest.lock\" > /dev/null\nif [ $? != 0 ] ; then\n    # print error to STDERR\n    echo \"error: The sandbox is not in sync with the Podfile.lock. Run 'pod install' or update your CocoaPods installation.\" >&2\n    exit 1\nfi\n# This output is used by Xcode 'outputs' to avoid re-running this script phase.\necho \"SUCCESS\" > \"${SCRIPT_OUTPUT_FILE_0}\"\n";
			showEnvVarsInLog = 0;
		};
		5DC622F20C4CC86F51427C28 /* [CP] Embed Pods Frameworks */ = {
			isa = PBXShellScriptBuildPhase;
			buildActionMask = 2147483647;
			files = (
			);
			inputPaths = (
			);
			name = "[CP] Embed Pods Frameworks";
			outputPaths = (
			);
			runOnlyForDeploymentPostprocessing = 0;
			shellPath = /bin/sh;
			shellScript = "\"${SRCROOT}/Pods/Target Support Files/Pods-ios-walk-trackingTests/Pods-ios-walk-trackingTests-frameworks.sh\"\n";
			showEnvVarsInLog = 0;
		};
		676D788D58DA1DD55C222715 /* [CP] Check Pods Manifest.lock */ = {
			isa = PBXShellScriptBuildPhase;
			buildActionMask = 2147483647;
			files = (
			);
			inputPaths = (
				"${PODS_PODFILE_DIR_PATH}/Podfile.lock",
				"${PODS_ROOT}/Manifest.lock",
			);
			name = "[CP] Check Pods Manifest.lock";
			outputPaths = (
				"$(DERIVED_FILE_DIR)/Pods-ios-walk-trackingTests-checkManifestLockResult.txt",
			);
			runOnlyForDeploymentPostprocessing = 0;
			shellPath = /bin/sh;
			shellScript = "diff \"${PODS_PODFILE_DIR_PATH}/Podfile.lock\" \"${PODS_ROOT}/Manifest.lock\" > /dev/null\nif [ $? != 0 ] ; then\n    # print error to STDERR\n    echo \"error: The sandbox is not in sync with the Podfile.lock. Run 'pod install' or update your CocoaPods installation.\" >&2\n    exit 1\nfi\n# This output is used by Xcode 'outputs' to avoid re-running this script phase.\necho \"SUCCESS\" > \"${SCRIPT_OUTPUT_FILE_0}\"\n";
			showEnvVarsInLog = 0;
		};
		BC0C2BD9C9FD56A349945139 /* [CP] Embed Pods Frameworks */ = {
			isa = PBXShellScriptBuildPhase;
			buildActionMask = 2147483647;
			files = (
			);
			inputPaths = (
			);
			name = "[CP] Embed Pods Frameworks";
			outputPaths = (
			);
			runOnlyForDeploymentPostprocessing = 0;
			shellPath = /bin/sh;
			shellScript = "\"${SRCROOT}/Pods/Target Support Files/Pods-ios-walk-trackingUITests/Pods-ios-walk-trackingUITests-frameworks.sh\"\n";
			showEnvVarsInLog = 0;
		};
		CB740828BFECC95468C88E46 /* [CP] Copy Pods Resources */ = {
			isa = PBXShellScriptBuildPhase;
			buildActionMask = 2147483647;
			files = (
			);
			inputPaths = (
			);
			name = "[CP] Copy Pods Resources";
			outputPaths = (
			);
			runOnlyForDeploymentPostprocessing = 0;
			shellPath = /bin/sh;
			shellScript = "\"${SRCROOT}/Pods/Target Support Files/Pods-ios-walk-trackingTests/Pods-ios-walk-trackingTests-resources.sh\"\n";
			showEnvVarsInLog = 0;
		};
		D12CB9B294ABE5DE528D7315 /* [CP] Embed Pods Frameworks */ = {
			isa = PBXShellScriptBuildPhase;
			buildActionMask = 2147483647;
			files = (
			);
			inputPaths = (
			);
			name = "[CP] Embed Pods Frameworks";
			outputPaths = (
			);
			runOnlyForDeploymentPostprocessing = 0;
			shellPath = /bin/sh;
			shellScript = "\"${SRCROOT}/Pods/Target Support Files/Pods-ios-walk-tracking/Pods-ios-walk-tracking-frameworks.sh\"\n";
			showEnvVarsInLog = 0;
		};
/* End PBXShellScriptBuildPhase section */

/* Begin PBXSourcesBuildPhase section */
		A8E07FEE1DDC4B0800A4165C /* Sources */ = {
			isa = PBXSourcesBuildPhase;
			buildActionMask = 2147483647;
			files = (
				A8103EA51DF139D900ADE38C /* CMDataViewController.swift in Sources */,
				A841647B1DFAA246001B6CFD /* Constants.swift in Sources */,
				A890E49A1F7258A1007FF6DE /* HomeViewController.swift in Sources */,
				A8E07FF61DDC4B0800A4165C /* AppDelegate.swift in Sources */,
			);
			runOnlyForDeploymentPostprocessing = 0;
		};
		A8E080021DDC4B0800A4165C /* Sources */ = {
			isa = PBXSourcesBuildPhase;
			buildActionMask = 2147483647;
			files = (
				A8E0800B1DDC4B0800A4165C /* ios_meeting_of_minutesTests.swift in Sources */,
			);
			runOnlyForDeploymentPostprocessing = 0;
		};
		A8E0800D1DDC4B0800A4165C /* Sources */ = {
			isa = PBXSourcesBuildPhase;
			buildActionMask = 2147483647;
			files = (
				A8E080161DDC4B0800A4165C /* ios_meeting_of_minutesUITests.swift in Sources */,
			);
			runOnlyForDeploymentPostprocessing = 0;
		};
/* End PBXSourcesBuildPhase section */

/* Begin PBXTargetDependency section */
		A8E080081DDC4B0800A4165C /* PBXTargetDependency */ = {
			isa = PBXTargetDependency;
			target = A8E07FF11DDC4B0800A4165C /* ios-walk-tracking */;
			targetProxy = A8E080071DDC4B0800A4165C /* PBXContainerItemProxy */;
		};
		A8E080131DDC4B0800A4165C /* PBXTargetDependency */ = {
			isa = PBXTargetDependency;
			target = A8E07FF11DDC4B0800A4165C /* ios-walk-tracking */;
			targetProxy = A8E080121DDC4B0800A4165C /* PBXContainerItemProxy */;
		};
/* End PBXTargetDependency section */

/* Begin PBXVariantGroup section */
		A8E07FF91DDC4B0800A4165C /* Main.storyboard */ = {
			isa = PBXVariantGroup;
			children = (
				A8E07FFA1DDC4B0800A4165C /* Base */,
			);
			name = Main.storyboard;
			sourceTree = "<group>";
		};
		A8E07FFE1DDC4B0800A4165C /* LaunchScreen.storyboard */ = {
			isa = PBXVariantGroup;
			children = (
				A8E07FFF1DDC4B0800A4165C /* Base */,
			);
			name = LaunchScreen.storyboard;
			sourceTree = "<group>";
		};
/* End PBXVariantGroup section */

/* Begin XCBuildConfiguration section */
		A8E080181DDC4B0800A4165C /* Debug */ = {
			isa = XCBuildConfiguration;
			buildSettings = {
				ALWAYS_SEARCH_USER_PATHS = NO;
				CLANG_ANALYZER_NONNULL = YES;
				CLANG_CXX_LANGUAGE_STANDARD = "gnu++0x";
				CLANG_CXX_LIBRARY = "libc++";
				CLANG_ENABLE_MODULES = YES;
				CLANG_ENABLE_OBJC_ARC = YES;
				CLANG_WARN_BOOL_CONVERSION = YES;
				CLANG_WARN_CONSTANT_CONVERSION = YES;
				CLANG_WARN_DIRECT_OBJC_ISA_USAGE = YES_ERROR;
				CLANG_WARN_EMPTY_BODY = YES;
				CLANG_WARN_ENUM_CONVERSION = YES;
				CLANG_WARN_INT_CONVERSION = YES;
				CLANG_WARN_OBJC_ROOT_CLASS = YES_ERROR;
				CLANG_WARN_UNREACHABLE_CODE = YES;
				CLANG_WARN__DUPLICATE_METHOD_MATCH = YES;
				"CODE_SIGN_IDENTITY[sdk=iphoneos*]" = "iPhone Developer";
				COPY_PHASE_STRIP = NO;
				DEBUG_INFORMATION_FORMAT = dwarf;
				ENABLE_STRICT_OBJC_MSGSEND = YES;
				ENABLE_TESTABILITY = YES;
				GCC_C_LANGUAGE_STANDARD = gnu99;
				GCC_DYNAMIC_NO_PIC = NO;
				GCC_NO_COMMON_BLOCKS = YES;
				GCC_OPTIMIZATION_LEVEL = 0;
				GCC_PREPROCESSOR_DEFINITIONS = (
					"DEBUG=1",
					"$(inherited)",
				);
				GCC_WARN_64_TO_32_BIT_CONVERSION = YES;
				GCC_WARN_ABOUT_RETURN_TYPE = YES_ERROR;
				GCC_WARN_UNDECLARED_SELECTOR = YES;
				GCC_WARN_UNINITIALIZED_AUTOS = YES_AGGRESSIVE;
				GCC_WARN_UNUSED_FUNCTION = YES;
				GCC_WARN_UNUSED_VARIABLE = YES;
				IPHONEOS_DEPLOYMENT_TARGET = 9.3;
				MTL_ENABLE_DEBUG_INFO = YES;
				ONLY_ACTIVE_ARCH = YES;
				SDKROOT = iphoneos;
				SWIFT_OPTIMIZATION_LEVEL = "-Onone";
				TARGETED_DEVICE_FAMILY = "1,2";
			};
			name = Debug;
		};
		A8E080191DDC4B0800A4165C /* Release */ = {
			isa = XCBuildConfiguration;
			buildSettings = {
				ALWAYS_SEARCH_USER_PATHS = NO;
				CLANG_ANALYZER_NONNULL = YES;
				CLANG_CXX_LANGUAGE_STANDARD = "gnu++0x";
				CLANG_CXX_LIBRARY = "libc++";
				CLANG_ENABLE_MODULES = YES;
				CLANG_ENABLE_OBJC_ARC = YES;
				CLANG_WARN_BOOL_CONVERSION = YES;
				CLANG_WARN_CONSTANT_CONVERSION = YES;
				CLANG_WARN_DIRECT_OBJC_ISA_USAGE = YES_ERROR;
				CLANG_WARN_EMPTY_BODY = YES;
				CLANG_WARN_ENUM_CONVERSION = YES;
				CLANG_WARN_INT_CONVERSION = YES;
				CLANG_WARN_OBJC_ROOT_CLASS = YES_ERROR;
				CLANG_WARN_UNREACHABLE_CODE = YES;
				CLANG_WARN__DUPLICATE_METHOD_MATCH = YES;
				"CODE_SIGN_IDENTITY[sdk=iphoneos*]" = "iPhone Developer";
				COPY_PHASE_STRIP = NO;
				DEBUG_INFORMATION_FORMAT = "dwarf-with-dsym";
				ENABLE_NS_ASSERTIONS = NO;
				ENABLE_STRICT_OBJC_MSGSEND = YES;
				GCC_C_LANGUAGE_STANDARD = gnu99;
				GCC_NO_COMMON_BLOCKS = YES;
				GCC_WARN_64_TO_32_BIT_CONVERSION = YES;
				GCC_WARN_ABOUT_RETURN_TYPE = YES_ERROR;
				GCC_WARN_UNDECLARED_SELECTOR = YES;
				GCC_WARN_UNINITIALIZED_AUTOS = YES_AGGRESSIVE;
				GCC_WARN_UNUSED_FUNCTION = YES;
				GCC_WARN_UNUSED_VARIABLE = YES;
				IPHONEOS_DEPLOYMENT_TARGET = 9.3;
				MTL_ENABLE_DEBUG_INFO = NO;
				SDKROOT = iphoneos;
				TARGETED_DEVICE_FAMILY = "1,2";
				VALIDATE_PRODUCT = YES;
			};
			name = Release;
		};
		A8E0801B1DDC4B0800A4165C /* Debug */ = {
			isa = XCBuildConfiguration;
			baseConfigurationReference = 35B2BBEB5467ABFCF953B5A0 /* Pods-ios-walk-tracking.debug.xcconfig */;
			buildSettings = {
				ASSETCATALOG_COMPILER_APPICON_NAME = AppIcon;
				CODE_SIGN_IDENTITY = "iPhone Developer";
				INFOPLIST_FILE = "$(SRCROOT)/ios-walk-tracking/Info.plist";
				LD_RUNPATH_SEARCH_PATHS = "$(inherited) @executable_path/Frameworks";
				PRODUCT_BUNDLE_IDENTIFIER = "com.talukder.ios-walk-tracking";
				PRODUCT_NAME = "$(TARGET_NAME)";
				SWIFT_SWIFT3_OBJC_INFERENCE = On;
				SWIFT_VERSION = 4.0;
			};
			name = Debug;
		};
		A8E0801C1DDC4B0800A4165C /* Release */ = {
			isa = XCBuildConfiguration;
			baseConfigurationReference = 82B849E57AA54A215C303247 /* Pods-ios-walk-tracking.release.xcconfig */;
			buildSettings = {
				ASSETCATALOG_COMPILER_APPICON_NAME = AppIcon;
				CODE_SIGN_IDENTITY = "iPhone Developer";
				INFOPLIST_FILE = "$(SRCROOT)/ios-walk-tracking/Info.plist";
				LD_RUNPATH_SEARCH_PATHS = "$(inherited) @executable_path/Frameworks";
				PRODUCT_BUNDLE_IDENTIFIER = "com.talukder.ios-walk-tracking";
				PRODUCT_NAME = "$(TARGET_NAME)";
				SWIFT_SWIFT3_OBJC_INFERENCE = On;
				SWIFT_VERSION = 4.0;
			};
			name = Release;
		};
		A8E0801E1DDC4B0800A4165C /* Debug */ = {
			isa = XCBuildConfiguration;
			baseConfigurationReference = 449B0D8245580E7B8E998A30 /* Pods-ios-walk-trackingTests.debug.xcconfig */;
			buildSettings = {
				BUNDLE_LOADER = "$(TEST_HOST)";
				INFOPLIST_FILE = "ios-meeting-of-minutesTests/Info.plist";
				LD_RUNPATH_SEARCH_PATHS = "$(inherited) @executable_path/Frameworks @loader_path/Frameworks";
				PRODUCT_BUNDLE_IDENTIFIER = "com.talukder.ios-meeting-of-minutesTests";
				PRODUCT_NAME = "$(TARGET_NAME)";
				SWIFT_SWIFT3_OBJC_INFERENCE = On;
				SWIFT_VERSION = 4.0;
				TEST_HOST = "$(BUILT_PRODUCTS_DIR)/ios-walk-tracking.app/ios-walk-tracking";
			};
			name = Debug;
		};
		A8E0801F1DDC4B0800A4165C /* Release */ = {
			isa = XCBuildConfiguration;
			baseConfigurationReference = 58E3D427B1D91FD257E90C67 /* Pods-ios-walk-trackingTests.release.xcconfig */;
			buildSettings = {
				BUNDLE_LOADER = "$(TEST_HOST)";
				INFOPLIST_FILE = "ios-meeting-of-minutesTests/Info.plist";
				LD_RUNPATH_SEARCH_PATHS = "$(inherited) @executable_path/Frameworks @loader_path/Frameworks";
				PRODUCT_BUNDLE_IDENTIFIER = "com.talukder.ios-meeting-of-minutesTests";
				PRODUCT_NAME = "$(TARGET_NAME)";
				SWIFT_SWIFT3_OBJC_INFERENCE = On;
				SWIFT_VERSION = 4.0;
				TEST_HOST = "$(BUILT_PRODUCTS_DIR)/ios-walk-tracking.app/ios-walk-tracking";
			};
			name = Release;
		};
		A8E080211DDC4B0800A4165C /* Debug */ = {
			isa = XCBuildConfiguration;
			baseConfigurationReference = 644A9D96F959FECE575C42F4 /* Pods-ios-walk-trackingUITests.debug.xcconfig */;
			buildSettings = {
				INFOPLIST_FILE = "ios-meeting-of-minutesUITests/Info.plist";
				LD_RUNPATH_SEARCH_PATHS = "$(inherited) @executable_path/Frameworks @loader_path/Frameworks";
				PRODUCT_BUNDLE_IDENTIFIER = "com.talukder.ios-meeting-of-minutesUITests";
				PRODUCT_NAME = "$(TARGET_NAME)";
				SWIFT_SWIFT3_OBJC_INFERENCE = On;
				SWIFT_VERSION = 4.0;
				TEST_TARGET_NAME = "ios-meeting-of-minutes";
			};
			name = Debug;
		};
		A8E080221DDC4B0800A4165C /* Release */ = {
			isa = XCBuildConfiguration;
			baseConfigurationReference = 42E857AAEBAC0F6C1BC66306 /* Pods-ios-walk-trackingUITests.release.xcconfig */;
			buildSettings = {
				INFOPLIST_FILE = "ios-meeting-of-minutesUITests/Info.plist";
				LD_RUNPATH_SEARCH_PATHS = "$(inherited) @executable_path/Frameworks @loader_path/Frameworks";
				PRODUCT_BUNDLE_IDENTIFIER = "com.talukder.ios-meeting-of-minutesUITests";
				PRODUCT_NAME = "$(TARGET_NAME)";
				SWIFT_SWIFT3_OBJC_INFERENCE = On;
				SWIFT_VERSION = 4.0;
				TEST_TARGET_NAME = "ios-meeting-of-minutes";
			};
			name = Release;
		};
/* End XCBuildConfiguration section */

/* Begin XCConfigurationList section */
		A8E07FED1DDC4B0800A4165C /* Build configuration list for PBXProject "ios-walk-tracking" */ = {
			isa = XCConfigurationList;
			buildConfigurations = (
				A8E080181DDC4B0800A4165C /* Debug */,
				A8E080191DDC4B0800A4165C /* Release */,
			);
			defaultConfigurationIsVisible = 0;
			defaultConfigurationName = Release;
		};
		A8E0801A1DDC4B0800A4165C /* Build configuration list for PBXNativeTarget "ios-walk-tracking" */ = {
			isa = XCConfigurationList;
			buildConfigurations = (
				A8E0801B1DDC4B0800A4165C /* Debug */,
				A8E0801C1DDC4B0800A4165C /* Release */,
			);
			defaultConfigurationIsVisible = 0;
			defaultConfigurationName = Release;
		};
		A8E0801D1DDC4B0800A4165C /* Build configuration list for PBXNativeTarget "ios-walk-trackingTests" */ = {
			isa = XCConfigurationList;
			buildConfigurations = (
				A8E0801E1DDC4B0800A4165C /* Debug */,
				A8E0801F1DDC4B0800A4165C /* Release */,
			);
			defaultConfigurationIsVisible = 0;
			defaultConfigurationName = Release;
		};
		A8E080201DDC4B0800A4165C /* Build configuration list for PBXNativeTarget "ios-walk-trackingUITests" */ = {
			isa = XCConfigurationList;
			buildConfigurations = (
				A8E080211DDC4B0800A4165C /* Debug */,
				A8E080221DDC4B0800A4165C /* Release */,
			);
			defaultConfigurationIsVisible = 0;
			defaultConfigurationName = Release;
		};
/* End XCConfigurationList section */
	};
	rootObject = A8E07FEA1DDC4B0800A4165C /* Project object */;
}
